# This file was autogenerated by Stack.
# You should not edit this file by hand.
# For more information, please see the documentation at:
#   https://docs.haskellstack.org/en/stable/lock_files

packages: []
snapshots:
- completed:
    size: 517991
    url: https://raw.githubusercontent.com/commercialhaskell/stackage-snapshots/master/lts/8/22.yaml
    sha256: 6220aa5a0e45f6ba2240712941141e94687d0606fa80752ac2a1034d2e2ae768
  original: lts-8.22
