version = 1
revision = 1
requires-python = ">=3.13"

[[package]]
name = "boto3"
version = "1.37.37"
source = { registry = "https://pypi.org/simple" }
dependencies = [
    { name = "botocore" },
    { name = "jmespath" },
    { name = "s3transfer" },
]
sdist = { url = "https://files.pythonhosted.org/packages/82/8c/2ca661db6c9e591d9dc46149b43a91385283c852436ccba62e199643e196/boto3-1.37.37.tar.gz", hash = "sha256:752d31105a45e3e01c8c68471db14ae439990b75a35e72b591ca528e2575b28f", size = 111666 }
wheels = [
    { url = "https://files.pythonhosted.org/packages/e4/5f/032d93e74949222ffbfbc3270f29a3ee423fe648de8a31c49cce0cbb0a09/boto3-1.37.37-py3-none-any.whl", hash = "sha256:d125cb11e22817f7a2581bade4bf7b75247b401888890239ceb5d3e902ccaf38", size = 139917 },
]

[[package]]
name = "botocore"
version = "1.37.37"
source = { registry = "https://pypi.org/simple" }
dependencies = [
    { name = "jmespath" },
    { name = "python-dateutil" },
    { name = "urllib3" },
]
sdist = { url = "https://files.pythonhosted.org/packages/96/d0/70969515e3ae8ff0fcccf22827d5d131bc7b8729331127415cf8f2861d63/botocore-1.37.37.tar.gz", hash = "sha256:3eadde6fed95c4cb469cc39d1c3558528b7fa76d23e7e16d4bddc77250431a64", size = 13828530 }
wheels = [
    { url = "https://files.pythonhosted.org/packages/fe/17/602915b29cb695e1e66f65e33b1026f1534e49975d99ea4e32e58d963542/botocore-1.37.37-py3-none-any.whl", hash = "sha256:eb730ff978f47c02f0c8ed07bccdc0db6d8fa098ed32ac31bee1da0e9be480d1", size = 13495584 },
]

[[package]]
name = "jmespath"
version = "1.0.1"
source = { registry = "https://pypi.org/simple" }
sdist = { url = "https://files.pythonhosted.org/packages/00/2a/e867e8531cf3e36b41201936b7fa7ba7b5702dbef42922193f05c8976cd6/jmespath-1.0.1.tar.gz", hash = "sha256:90261b206d6defd58fdd5e85f478bf633a2901798906be2ad389150c5c60edbe", size = 25843 }
wheels = [
    { url = "https://files.pythonhosted.org/packages/31/b4/b9b800c45527aadd64d5b442f9b932b00648617eb5d63d2c7a6587b7cafc/jmespath-1.0.1-py3-none-any.whl", hash = "sha256:02e2e4cc71b5bcab88332eebf907519190dd9e6e82107fa7f83b1003a6252980", size = 20256 },
]

[[package]]
name = "python-dateutil"
version = "2.9.0.post0"
source = { registry = "https://pypi.org/simple" }
dependencies = [
    { name = "six" },
]
sdist = { url = "https://files.pythonhosted.org/packages/66/c0/0c8b6ad9f17a802ee498c46e004a0eb49bc148f2fd230864601a86dcf6db/python-dateutil-2.9.0.post0.tar.gz", hash = "sha256:37dd54208da7e1cd875388217d5e00ebd4179249f90fb72437e91a35459a0ad3", size = 342432 }
wheels = [
    { url = "https://files.pythonhosted.org/packages/ec/57/56b9bcc3c9c6a792fcbaf139543cee77261f3651ca9da0c93f5c1221264b/python_dateutil-2.9.0.post0-py2.py3-none-any.whl", hash = "sha256:a8b2bc7bffae282281c8140a97d3aa9c14da0b136dfe83f850eea9a5f7470427", size = 229892 },
]

[[package]]
name = "s3transfer"
version = "0.11.5"
source = { registry = "https://pypi.org/simple" }
dependencies = [
    { name = "botocore" },
]
sdist = { url = "https://files.pythonhosted.org/packages/c4/2b/5c9562795c2eb2b5f63536961754760c25bf0f34af93d36aa28dea2fb303/s3transfer-0.11.5.tar.gz", hash = "sha256:8c8aad92784779ab8688a61aefff3e28e9ebdce43142808eaa3f0b0f402f68b7", size = 149107 }
wheels = [
    { url = "https://files.pythonhosted.org/packages/45/39/13402e323666d17850eca87e4cd6ecfcf9fd7809cac9efdcce10272fc29d/s3transfer-0.11.5-py3-none-any.whl", hash = "sha256:757af0f2ac150d3c75bc4177a32355c3862a98d20447b69a0161812992fe0bd4", size = 84782 },
]

[[package]]
name = "six"
version = "1.17.0"
source = { registry = "https://pypi.org/simple" }
sdist = { url = "https://files.pythonhosted.org/packages/94/e7/b2c673351809dca68a0e064b6af791aa332cf192da575fd474ed7d6f16a2/six-1.17.0.tar.gz", hash = "sha256:ff70335d468e7eb6ec65b95b99d3a2836546063f63acc5171de367e834932a81", size = 34031 }
wheels = [
    { url = "https://files.pythonhosted.org/packages/b7/ce/149a00dd41f10bc29e5921b496af8b574d8413afcd5e30dfa0ed46c2cc5e/six-1.17.0-py2.py3-none-any.whl", hash = "sha256:4721f391ed90541fddacab5acf947aa0d3dc7d27b2e1e8eda2be8970586c3274", size = 11050 },
]

[[package]]
name = "urllib3"
version = "2.4.0"
source = { registry = "https://pypi.org/simple" }
sdist = { url = "https://files.pythonhosted.org/packages/8a/78/16493d9c386d8e60e442a35feac5e00f0913c0f4b7c217c11e8ec2ff53e0/urllib3-2.4.0.tar.gz", hash = "sha256:414bc6535b787febd7567804cc015fee39daab8ad86268f1310a9250697de466", size = 390672 }
wheels = [
    { url = "https://files.pythonhosted.org/packages/6b/11/cc635220681e93a0183390e26485430ca2c7b5f9d33b15c74c2861cb8091/urllib3-2.4.0-py3-none-any.whl", hash = "sha256:4e16665048960a0900c702d4a66415956a584919c03361cac9f1df5c5dd7e813", size = 128680 },
]

[[package]]
name = "whatsdone-topic-classification"
version = "0.1.0"
source = { virtual = "." }
dependencies = [
    { name = "boto3" },
]

[package.metadata]
requires-dist = [{ name = "boto3", specifier = ">=1.37.37" }]
