# THIS IS AN AUTOGENERATED FILE. DO NOT EDIT THIS FILE DIRECTLY.
# yarn lockfile v1


fsevents@2.3.2:
  version "2.3.2"
  resolved "https://registry.yarnpkg.com/fsevents/-/fsevents-2.3.2.tgz#8a526f78b8fdf4623b709e0b975c52c24c02fd1a"
  integrity sha512-xiqMQR4xAeHTuB9uWm+fFRcIOgKBMiOBP+eXiyT7jsgVCq1bkVygt00oASowB7EdtpOHaaPgKt812P9ab+DDKA==

playwright-core@1.62.0:
  version "1.62.0"
  resolved "https://registry.yarnpkg.com/playwright-core/-/playwright-core-1.62.0.tgz#66f50795fa22d4ccb1a6f70d82264f07171fa3b5"
  integrity sha512-nsNRyq0r2zsG8AcRHWknc9QRA5XCueC7gWMrs+Gx2tlZn9hcl8zudfh00lhJPY1DE7NmZ6bDsT9g2yey8mXljA==

playwright@^1.62.0:
  version "1.62.0"
  resolved "https://registry.yarnpkg.com/playwright/-/playwright-1.62.0.tgz#eddedb94b0e492a6c7425a602b0eadea35c71526"
  integrity sha512-Z14dG305dgaLu6foB1TXQagFiW8JfSUIUaUuPaKQ6NtBPKF1P/qXcqfh6c6K/icPqdy37JmjbiBXf6JNg6Sylw==
  dependencies:
    playwright-core "1.62.0"
  optionalDependencies:
    fsevents "2.3.2"
