# THIS IS AN AUTOGENERATED FILE. DO NOT EDIT THIS FILE DIRECTLY.
# yarn lockfile v1


playwright-core@1.37.1:
  version "1.37.1"
  resolved "https://registry.yarnpkg.com/playwright-core/-/playwright-core-1.37.1.tgz#cb517d52e2e8cb4fa71957639f1cd105d1683126"
  integrity sha512-17EuQxlSIYCmEMwzMqusJ2ztDgJePjrbttaefgdsiqeLWidjYz9BxXaTaZWxH1J95SHGk6tjE+dwgWILJoUZfA==

playwright@^1.37.1:
  version "1.37.1"
  resolved "https://registry.yarnpkg.com/playwright/-/playwright-1.37.1.tgz#6e488d82d7d98b9127c5db9c701f9c956ab47e76"
  integrity sha512-bgUXRrQKhT48zHdxDYQTpf//0xDfDd5hLeEhjuSw8rXEGoT9YeElpfvs/izonTNY21IQZ7d3s22jLxYaAnubbQ==
  dependencies:
    playwright-core "1.37.1"
